
Microsoft Visual Studio Solution File, Format Version 12.00
# Visual Studio 14
VisualStudioVersion = 14.0.23107.0
MinimumVisualStudioVersion = 10.0.40219.1
Project("{FAE04EC0-301F-11D3-BF4B-00C04F79EFBC}") = "MyCompany", "MyCompany\MyCompany.csproj", "{DA7C42D5-47DE-43E5-84B2-97D938C01DF4}"
EndProject
Project("{FAE04EC0-301F-11D3-BF4B-00C04F79EFBC}") = "MyCompany.Tests", "MyCompany.Tests\MyCompany.Tests.csproj", "{001DFEE6-EA02-4905-9634-B05488074E3B}"
EndProject
Global
	GlobalSection(SolutionConfigurationPlatforms) = preSolution
		Debug|Any CPU = Debug|Any CPU
		Release|Any CPU = Release|Any CPU
	EndGlobalSection
	GlobalSection(ProjectConfigurationPlatforms) = postSolution
		{DA7C42D5-47DE-43E5-84B2-97D938C01DF4}.Debug|Any CPU.ActiveCfg = Debug|Any CPU
		{DA7C42D5-47DE-43E5-84B2-97D938C01DF4}.Debug|Any CPU.Build.0 = Debug|Any CPU
		{DA7C42D5-47DE-43E5-84B2-97D938C01DF4}.Release|Any CPU.ActiveCfg = Release|Any CPU
		{DA7C42D5-47DE-43E5-84B2-97D938C01DF4}.Release|Any CPU.Build.0 = Release|Any CPU
		{001DFEE6-EA02-4905-9634-B05488074E3B}.Debug|Any CPU.ActiveCfg = Debug|Any CPU
		{001DFEE6-EA02-4905-9634-B05488074E3B}.Debug|Any CPU.Build.0 = Debug|Any CPU
		{001DFEE6-EA02-4905-9634-B05488074E3B}.Release|Any CPU.ActiveCfg = Release|Any CPU
		{001DFEE6-EA02-4905-9634-B05488074E3B}.Release|Any CPU.Build.0 = Release|Any CPU
	EndGlobalSection
	GlobalSection(SolutionProperties) = preSolution
		HideSolutionNode = FALSE
	EndGlobalSection
EndGlobal
